# Pinned Free Pascal Compiler toolchain for the macOS and Windows build hosts.
#
# Linux does NOT read this file: the ubuntu-24.04 job takes FPC from a distro
# package, which predates this lock and is left exactly as it is.
#
# macOS was pinned here first (CAP-7M0): `brew install fpc` is a floating pin
# by construction and the runner image ships no FPC at all.
#
# Windows joined it on 2026-08-16, for a different and more pointed reason.
# The job used gcarreno/setup-lazarus, which fetches a package list from
# packages.lazarus-ide.org even when zero packages are requested. That host
# went down - DNS resolves (37.97.187.115 / 2a01:7c8:aac1:2f0::1 via both the
# local resolver and 1.1.1.1) but TCP connect fails, curl (7) not (6), for the
# whole site including www, for third parties as well as for us, and the
# runners get ECONNREFUSED on the same address. One unrelated outage held the
# entire Windows gate hostage indefinitely, and no PWeb step ran for a whole
# session. The installer itself lives on SourceForge and was reachable
# throughout - the action was downloading it successfully - so the dependency
# that broke us was the package list, not the toolchain.
#
# The lesson is the one this repository already applies everywhere else: an
# unpinned intermediary is a availability dependency as well as a supply-chain
# one. tools/get-fpc-windows.ps1 fetches the same installer directly.
#
# Changing any pin below is a deliberate, reviewed act.

version = 3.2.2

# --- Windows x64 build host --------------------------------------------------
#
# The exact installer gcarreno/setup-lazarus was itself downloading (visible
# in the CI log), fetched directly instead. It is an Inno Setup package
# (verified: the binary carries the Inno Setup / JR.Inno.Setup markers), which
# is what makes /VERYSILENT /SP- /DIR=<path> the right silent-install
# contract - the same switches the action invoked.
#
# sha256 and size were MEASURED from the downloaded bytes on 2026-08-16, not
# copied from anywhere. The size is also exactly the Content-Length the server
# advertised, which is a second, independent check that the transfer was
# complete; the file begins MZ, not an HTML interstitial.
windows-url = https://downloads.sourceforge.net/project/lazarus/Lazarus%20Windows%2064%20bits/Lazarus%203.4/lazarus-3.4-fpc-3.2.2-win64.exe
windows-url-fallback = https://sourceforge.net/projects/lazarus/files/Lazarus%20Windows%2064%20bits/Lazarus%203.4/lazarus-3.4-fpc-3.2.2-win64.exe/download
windows-sha256 = 6ede48350b9890929088bd33aa441e1bf4cf813b21bc38149e3df3bbe673bbd3
windows-size = 213944118

# What the install must produce. The FPC bin directory is what the job puts on
# PATH, and asserting it is how a re-rolled installer that moved the layout
# fails here rather than as a mysterious "fpc not found" three steps later.
windows-lazarus-version = 3.4
windows-fpc-bindir = fpc/3.2.2/bin/x86_64-win64
windows-compiler = fpc.exe

# --- macOS build hosts (CAP-7M0) ---------------------------------------------
#
# ONE artifact for BOTH architectures. fpc-3.2.2.intelarm64-macosx.dmg
# installs NATIVE ppcx64 (x86_64-darwin) and ppca64 (aarch64-darwin)
# compilers, so the x64 and the arm64 job fetch the same bytes and each one
# then runs the compiler that is native to it. Nothing is ever cross-hosted
# and nothing runs under Rosetta.
#
# The URL is version-qualified and never a "latest" redirect, but integrity
# rests on the digests, not on the URL. BOTH are verified: sha256 is recorded
# here from the fetched bytes, and md5 is the value SourceForge publishes for
# this file in its own listing - an independent corroboration that the bytes
# recorded here are the bytes upstream published, not merely the bytes some
# mirror served once.
#
# MEASURED (hosted run 31903085050): the `downloads.` host answers a
# browser-shaped User-Agent with a 145464-byte interstitial page instead of
# the image. tools/get-fpc-macos.ps1 fetches with curl for that reason and
# falls back to the `/download` form below, which resolves through the same
# mirror network. Both are version-qualified and neither is a "latest"
# pointer; integrity still rests entirely on the digests, so a mirror that
# serves the wrong bytes fails exactly as the interstitial did.
macos-url = https://downloads.sourceforge.net/project/freepascal/Mac%20OS%20X/3.2.2/fpc-3.2.2.intelarm64-macosx.dmg
macos-url-fallback = https://sourceforge.net/projects/freepascal/files/Mac%20OS%20X/3.2.2/fpc-3.2.2.intelarm64-macosx.dmg/download
macos-sha256 = 05d4510c8c887e3c68de20272abf62171aa5b2ef1eba6bce25e4c0bc41ba8b7d
macos-md5 = 50babbde74790a5b86bc63c1fa3250d0
macos-size = 274206896

# Layout inside the disk image, asserted after attach so a re-rolled image
# cannot silently install something else.
macos-volume = fpc-3.2.2.intelarm64-macosx
macos-package = fpc-3.2.2-intelarm64-macosx.mpkg

# What the install must produce. Both are asserted present even on the job
# that will only use one of them: an image that stopped shipping the second
# native compiler is a changed artifact, and this shard is the thing that
# would otherwise discover it as a mysterious link failure.
macos-compiler-x64 = ppcx64
macos-compiler-arm64 = ppca64
macos-prefix = /usr/local

# The Xcode selection - PROPOSED by CAP-7M0, ratified at Checkpoint 1.
#
# This is a MEASURED VARIABLE, not a detail. FPC 3.2.2 predates every Xcode
# listed here and has open, unresolved linker failures on recent ones:
# aarch64 + Xcode 16.3 fails with `ld` exit -11, and Intel + Xcode 16.2 fails
# to build. Both are therefore excluded outright rather than kept as
# fallbacks - a "fallback" onto a known-broken toolchain only converts a
# clear failure into an obscure one.
#
# The candidates are tried in order; the FIRST one present as
# /Applications/Xcode_<version>.app wins and is exported through
# DEVELOPER_DIR. If NONE is present the job fails after printing every Xcode
# the image actually carries, so the next pin is chosen from evidence. The
# runner's default selection is never used, which is the whole point.
macos-xcode-candidates = 16.4 16.1
macos-xcode-known-bad = 16.3 16.2
