# Pinned Microsoft WebView2 runtime distribution artifacts (CAP-6b0;
# first real pin ratified in CAP-6b1, second - the offline Evergreen
# Standalone Installer - in CAP-6b2).
#
# Every Microsoft binary this project may ever fetch (Evergreen
# bootstrapper, Standalone Evergreen installer, Fixed Runtime package)
# is pinned here by authoritative URL, expected filename, byte size and
# a SHA-256 computed locally at ratification time - Microsoft publishes
# no digests for these artifacts, so the pin freezes the exact bytes a
# human ratified. tools/get-webview2-runtime.ps1 verifies the SHA-256
# BEFORE any use and deletes the download on any mismatch; an artifact
# without a sha256 is refused outright, so a silently rotated remote
# payload fails loudly by construction. URLs live in this lock only,
# never in swept sources.
#
# Refreshing a pin is an explicit, reviewed act:
#   pwsh tools/get-webview2-runtime.ps1 -Refresh -Artifact <name>
# prints the computed hash/size/Authenticode subject for the human to
# ratify by editing this file; nothing ever writes this file
# automatically, and CI never installs a runtime (fetching the locked,
# verified artifact for embedding is allowed; executing it is not).
#
# Schema (strict 'key = value'; '#' comments and blank lines ignored;
# every malformed line, duplicate key, unknown key or missing required
# key is a hard error naming its line):
#   schema   = 1                          (required, before any artifact)
#   artifact = <unique logical name>      (opens one artifact block)
#   kind     = bootstrapper | standalone | fixed
#   arch     = x64 | x86 | arm64 | neutral
#   version  = <4-part runtime version>   (required for kind = fixed,
#                                          optional for the Evergreen
#                                          installers, whose payload
#                                          version floats by design)
#   url      = <authoritative Microsoft download URL>
#   filename = <expected local filename>
#   size     = <exact byte size>
#   sha256   = <64 lowercase hex chars>
#   authenticode-subject = <exact X.500 leaf-certificate subject>
#                                         (optional second verification
#                                          axis, CAP-6b1: when present,
#                                          fetch-verify additionally
#                                          requires an embedded
#                                          Authenticode signature with
#                                          status Valid AND this exact
#                                          leaf subject, checked AFTER
#                                          the sha256 pass - a valid
#                                          signature never weakens the
#                                          byte-exact sha256 pin)

schema = 1

# CAP-6b1 ratification (2026-08-13): Evergreen Bootstrapper acquired via
# -Refresh, payload inspected and NOT executed. The fwlink URL is the
# Microsoft-documented "Get the Link" distribution mechanism (verified
# 301 -> Microsoft delivery CDN at ratification time). Bootstrapper
# FileVersion at ratification: 1.3.251.23 - recorded as evidence only;
# the runtime payload the bootstrapper installs floats by design, so no
# version key is pinned. Signer evidence: leaf cert valid 2026-04-16 ->
# 2027-04-15 (annual renewal - a thumbprint pin would break yearly);
# issuer 'Microsoft Code Signing PCA 2024' (issuer churns across
# years); root 'Microsoft Root Certificate Authority 2011' thumbprint
# 8F43288AD272F3103B6FB1428485EA3014C0BCFE - evidence, not enforced.
artifact = evergreen-bootstrapper
kind = bootstrapper
arch = neutral
url = https://go.microsoft.com/fwlink/p/?LinkId=2124703
filename = MicrosoftEdgeWebview2Setup.exe
size = 1695960
sha256 = 8c4a80540b6bbcbef30a4e8c7d1ac504b6fc09db922b4acdfd85c9d5f6f1050e
authenticode-subject = CN=Microsoft Corporation, O=Microsoft Corporation, L=Redmond, S=Washington, C=US

# CAP-6b2 ratification (2026-08-13): x64 Evergreen Standalone Installer
# acquired via -Refresh, payload inspected and NOT executed. The fwlink
# URL is the Microsoft download-page link mechanism (verified 302 ->
# Microsoft delivery CDN at ratification time). FileVersion resource at
# ratification: 1.3.251.23 - that is the Edge Update shell, recorded as
# evidence only; the runtime version the payload carries is not
# attributable from the EXE resource (the download page displayed
# 151.0.4129.78 at retrieval), so no version key is pinned (optional
# for the Evergreen installers by frozen schema). Signer evidence: same
# leaf certificate as the bootstrapper pin above, thumbprint
# 4028CAD637509D4744B17EC5B42AED8D7A31E6AF, valid 2026-04-16 ->
# 2027-04-15, issuer 'Microsoft Code Signing PCA 2024' - evidence, not
# enforced (the enforced axes are sha256 + the exact leaf subject).
artifact = evergreen-standalone-x64
kind = standalone
arch = x64
url = https://go.microsoft.com/fwlink/?linkid=2124701
filename = MicrosoftEdgeWebView2RuntimeInstallerX64.exe
size = 209653456
sha256 = f8d4ab074c22a0cd136434f37c6b34dfb64ebf8a32ce42e03bd8f2a6b51a3892
authenticode-subject = CN=Microsoft Corporation, O=Microsoft Corporation, L=Redmond, S=Washington, C=US

# CAP-6b3 ratification (2026-08-13): x64 Fixed Version Runtime package,
# acquired, extracted and inspected - never executed. Unlike the two
# Evergreen installers above this artifact is NOT an installer at all:
# it is a cabinet whose extracted tree IS the runtime, deployed as
# ordinary per-user application content beside the app and selected by
# the process itself. Its version therefore does NOT float, so the
# frozen schema's `version` key is required for kind = fixed and is
# pinned here as the identity the running app must OBSERVE.
#
# Extraction (expand -F:* <cab> <dir>) yields exactly one folder,
# Microsoft.WebView2.FixedVersionRuntime.151.0.4129.78.x64 - 256 files,
# 689841950 bytes - carrying msedgewebview2.exe, msedge.dll and
# EBWebView\x64\EmbeddedBrowserWebView.dll, all with FileVersion
# 151.0.4129.78. The package ships NO WebView2Loader.dll: PWeb bundles
# the loader from the pinned WebView2 SDK 1.0.1587.40 (webview.lock,
# covered by its extracted-tree sha256) instead.
#
# Signer evidence: the cabinet itself carries the exact ratified
# CAP-6b1/6b2 Microsoft leaf subject below with status Valid (the
# enforced axes are sha256 + this subject). Inside the tree the five
# critical binaries (msedgewebview2.exe, msedge.dll, msedge_elf.dll,
# EBWebView\x64\EmbeddedBrowserWebView.dll and the bundled
# WebView2Loader.dll) carry the same 'CN=Microsoft Corporation, ...'
# subject; eleven non-critical redistributables (CRT, d3dcompiler_47,
# dxil, mspdf, widevinecdm) legitimately carry the second Microsoft
# subject 'CN=Microsoft Windows, O=Microsoft Corporation, ...' - that
# is recorded as evidence and accepted for non-critical files only.
artifact = webview2-fixed-runtime-x64
kind = fixed
arch = x64
version = 151.0.4129.78
url = https://msedge.sf.dl.delivery.mp.microsoft.com/filestreamingservice/files/355004fc-ebbc-42d3-b319-d43be39f8d39/Microsoft.WebView2.FixedVersionRuntime.151.0.4129.78.x64.cab
filename = Microsoft.WebView2.FixedVersionRuntime.151.0.4129.78.x64.cab
size = 304135089
sha256 = d4c8864a764bc3ff015f7b644e1f9d022ba8a73ab470447398dda0cc9e75ab92
authenticode-subject = CN=Microsoft Corporation, O=Microsoft Corporation, L=Redmond, S=Washington, C=US
