# Pinned upstream webview/webview. Immutable: fetch only this SHA, never a
# branch, tag, or floating ref. Changing this pin is a deliberate, reviewed act.
url = https://github.com/webview/webview
commit = cbbdee44afff22867de9fd88a9fc8350d9bdd399

# PWeb Windows override. webview/webview's default remains 1.0.1150.38 at
# this upstream commit; CAP-4W selects this exact stable SDK through the
# existing WEBVIEW_MSWEBVIEW2_VERSION CMake cache variable.
webview2-sdk = 1.0.1587.40
webview2-sdk-sha256 = cd5e34264aaa497d672f391fbdfb4fd4defc7f7a3e72cfe6090717dd063f27e4
webview2-sdk-tree-sha256 = 96309ee87acbe5ae033797b9041cdc1578e1cc7e87ee5d051e609dcb4563a971
cap4w-patch-sha256 = ae5177ba2bcc461365e82d40d42fd2d1fb1058ab322d00e93ed4013436f7137c

# PWeb Linux x64 baseline (CAP-7L). Ratified, never autodetected: upstream's
# pkg_search_module fallback (webkitgtk-6.0 -> 4.1 -> 4.0) must never decide
# which engine we build against, so every configure passes
# -DWEBVIEW_WEBKITGTK_API and the build asserts the resolved module in
# CMakeCache.txt. The soname is what FPC records as DT_NEEDED (MEASURED), so
# it - not the chet LibraryName - is the file the release layout ships.
linux-webkitgtk-api = 4.1
linux-gtk-api = 3.0
linux-soname = libwebview.so.0.12

# SHA256 of the ratified CAP-7L src/lib platform-block patch. src/lib stays
# pinned by BOTH freeze sweeps at their ORIGINAL CAP-1/CAP-3 baselines; instead
# of requiring an empty diff they require EXACTLY this patch, so the anchors
# survive and any drift past the ratified three lines still fails. The hash is
# taken over `git diff --no-color --no-ext-diff --full-index <baseline> --
# src/lib` with line endings normalised to LF and one trailing LF, which is
# stable on both the Windows and the Linux runner.
cap7l-binding-patch-sha256 = 3bd45f60703f91f6fc32697efd21f77c8d5d2470bfa97784beec6f223c84434b

# SHA256 of the public C API headers at the pinned commit (cross-check on fetch).
sha256:core/include/webview/api.h = 71a6a96a91828a7f4dbbe3d19376bfaa9ff88fce34002c5a7475a07348020a72
sha256:core/include/webview/errors.h = 492b14ba2db78d65bb451e9c09427b1291d8d50e0ad781962cbc3cf9d02964bc
sha256:core/include/webview/types.h = 63e11036a290a70cf7ab26ae715e67c90a5477ac3082555a73827389ca932164
sha256:core/include/webview/macros.h = 3dc74205a50f0fa56dbcd023cf966821eb2a74d4cb5c1ed6f3a830fbeafcd7cc
sha256:core/include/webview/version.h = 359069c519a520bfc60bd63e966efaca8ce89e0767480f2c0828ea8815ab45bf
sha256:core/include/webview/webview.h = 3749abef074b5d19bb9ea5f8b9deda25f0bce88f571313f827873f318fe32671
